
Microsoft Visual Studio Solution File, Format Version 12.00
# Visual Studio Version 17
VisualStudioVersion = 17.13.35818.85 d17.13
MinimumVisualStudioVersion = 10.0.40219.1
Project("{FAE04EC0-301F-11D3-BF4B-00C04F79EFBC}") = "recipedia", "recipedia\recipedia.csproj", "{23790B78-65F0-4F88-93B6-292F884FD4ED}"
EndProject
Global
	GlobalSection(SolutionConfigurationPlatforms) = preSolution
		Debug|Any CPU = Debug|Any CPU
		Release|Any CPU = Release|Any CPU
	EndGlobalSection
	GlobalSection(ProjectConfigurationPlatforms) = postSolution
		{23790B78-65F0-4F88-93B6-292F884FD4ED}.Debug|Any CPU.ActiveCfg = Debug|Any CPU
		{23790B78-65F0-4F88-93B6-292F884FD4ED}.Debug|Any CPU.Build.0 = Debug|Any CPU
		{23790B78-65F0-4F88-93B6-292F884FD4ED}.Release|Any CPU.ActiveCfg = Release|Any CPU
		{23790B78-65F0-4F88-93B6-292F884FD4ED}.Release|Any CPU.Build.0 = Release|Any CPU
	EndGlobalSection
	GlobalSection(SolutionProperties) = preSolution
		HideSolutionNode = FALSE
	EndGlobalSection
	GlobalSection(ExtensibilityGlobals) = postSolution
		SolutionGuid = {81E9E75C-E786-4296-B149-7E4318E2C052}
	EndGlobalSection
EndGlobal
